{
  "object": {
    "pins": [
      {
        "package": "Entwine",
        "repositoryURL": "http://github.com/tcldr/Entwine.git",
        "state": {
          "branch": null,
          "revision": "5c26eac6c9c4e97d65d9c42eea355ec08f9e36e8",
          "version": "0.1.0"
        }
      },
      {
        "package": "RxSwift",
        "repositoryURL": "http://github.com/ReactiveX/RxSwift.git",
        "state": {
          "branch": null,
          "revision": "b3e888b4972d9bc76495dd74d30a8c7fad4b9395",
          "version": "5.0.1"
        }
      }
    ]
  },
  "version": 1
}
