{
  "object": {
    "pins": [
      {
        "package": "Entwine",
        "repositoryURL": "http://github.com/tcldr/Entwine.git",
        "state": {
          "branch": "master",
          "revision": "2812846796f3293d0159ec5fef39f5f302d2d67a",
          "version": null
        }
      },
      {
        "package": "RxSwift",
        "repositoryURL": "http://github.com/ReactiveX/RxSwift.git",
        "state": {
          "branch": null,
          "revision": "b3e888b4972d9bc76495dd74d30a8c7fad4b9395",
          "version": "5.0.1"
        }
      }
    ]
  },
  "version": 1
}
