{
  "object": {
    "pins": [
      {
        "package": "Entwine",
        "repositoryURL": "http://github.com/tcldr/Entwine.git",
        "state": {
          "branch": "master",
          "revision": "ae85f1a86bb83e9ed10a54c50de33ed9efafea5b",
          "version": null
        }
      },
      {
        "package": "RxSwift",
        "repositoryURL": "http://github.com/ReactiveX/RxSwift.git",
        "state": {
          "branch": null,
          "revision": "b3e888b4972d9bc76495dd74d30a8c7fad4b9395",
          "version": "5.0.1"
        }
      }
    ]
  },
  "version": 1
}
